// !$*UTF8*$!
{
	archiveVersion = 1;
	classes = {
	};
	objectVersion = 48;
	objects = {

/* Begin PBXBuildFile section */
		983B0A5C378DEE1E3E9C7965 /* Pods_Smack.framework in Frameworks */ = {isa = PBXBuildFile; fileRef = C985686C6473A6AC5D888020 /* Pods_Smack.framework */; };
		D80FE8E01F8E94A7009CB88A /* ChatVC.swift in Sources */ = {isa = PBXBuildFile; fileRef = D80FE8DF1F8E94A7009CB88A /* ChatVC.swift */; };
		D80FE8E21F8E94B4009CB88A /* ChannelVC.swift in Sources */ = {isa = PBXBuildFile; fileRef = D80FE8E11F8E94B4009CB88A /* ChannelVC.swift */; };
		D82C04A11F8F98ED00C96FC3 /* GradientView.swift in Sources */ = {isa = PBXBuildFile; fileRef = D82C04A01F8F98ED00C96FC3 /* GradientView.swift */; };
		D82C04A51F8FAE6800C96FC3 /* Constants.swift in Sources */ = {isa = PBXBuildFile; fileRef = D82C04A41F8FAE6800C96FC3 /* Constants.swift */; };
		D82C04A71F8FB33700C96FC3 /* LoginVC.swift in Sources */ = {isa = PBXBuildFile; fileRef = D82C04A61F8FB33700C96FC3 /* LoginVC.swift */; };
		D85346FC1F93BD70000E86BE /* ProfileVC.swift in Sources */ = {isa = PBXBuildFile; fileRef = D85346FA1F93BD70000E86BE /* ProfileVC.swift */; };
		D85346FD1F93BD70000E86BE /* ProfileVC.xib in Resources */ = {isa = PBXBuildFile; fileRef = D85346FB1F93BD70000E86BE /* ProfileVC.xib */; };
		D86A0F041F91FED000823400 /* CircleImage.swift in Sources */ = {isa = PBXBuildFile; fileRef = D86A0F031F91FED000823400 /* CircleImage.swift */; };
		D86B3CD81F90CFD400FEEA60 /* RoundedButton.swift in Sources */ = {isa = PBXBuildFile; fileRef = D86B3CD71F90CFD400FEEA60 /* RoundedButton.swift */; };
		D86B3CDA1F90F91000FEEA60 /* UserDataService.swift in Sources */ = {isa = PBXBuildFile; fileRef = D86B3CD91F90F91000FEEA60 /* UserDataService.swift */; };
		D86B3CDC1F913B0C00FEEA60 /* AvatarPickerVC.swift in Sources */ = {isa = PBXBuildFile; fileRef = D86B3CDB1F913B0C00FEEA60 /* AvatarPickerVC.swift */; };
		D86B3CE01F913FFB00FEEA60 /* AvatarCell.swift in Sources */ = {isa = PBXBuildFile; fileRef = D86B3CDF1F913FFB00FEEA60 /* AvatarCell.swift */; };
		D87A33831F8EA4CB0087DB0D /* SWRevealViewController.h in Sources */ = {isa = PBXBuildFile; fileRef = D80FE8DB1F8E592E009CB88A /* SWRevealViewController.h */; };
		D87A33841F8EA4D80087DB0D /* SWRevealViewController.m in Sources */ = {isa = PBXBuildFile; fileRef = D80FE8DA1F8E592D009CB88A /* SWRevealViewController.m */; };
		D881203E1F8FD49F008C0C68 /* CreateAccountVC.swift in Sources */ = {isa = PBXBuildFile; fileRef = D881203D1F8FD49F008C0C68 /* CreateAccountVC.swift */; };
		D8E181C11F909C95000B5F70 /* AuthService.swift in Sources */ = {isa = PBXBuildFile; fileRef = D8E181C01F909C95000B5F70 /* AuthService.swift */; };
		D8F2CCFC1F8E5597000461F5 /* AppDelegate.swift in Sources */ = {isa = PBXBuildFile; fileRef = D8F2CCFB1F8E5597000461F5 /* AppDelegate.swift */; };
		D8F2CD011F8E5597000461F5 /* Main.storyboard in Resources */ = {isa = PBXBuildFile; fileRef = D8F2CCFF1F8E5597000461F5 /* Main.storyboard */; };
		D8F2CD031F8E5597000461F5 /* Assets.xcassets in Resources */ = {isa = PBXBuildFile; fileRef = D8F2CD021F8E5597000461F5 /* Assets.xcassets */; };
		D8F2CD061F8E5597000461F5 /* LaunchScreen.storyboard in Resources */ = {isa = PBXBuildFile; fileRef = D8F2CD041F8E5597000461F5 /* LaunchScreen.storyboard */; };
/* End PBXBuildFile section */

/* Begin PBXFileReference section */
		5625B08E92DA8B4AE2BE0298 /* Pods-Smack.debug.xcconfig */ = {isa = PBXFileReference; includeInIndex = 1; lastKnownFileType = text.xcconfig; name = "Pods-Smack.debug.xcconfig"; path = "Pods/Target Support Files/Pods-Smack/Pods-Smack.debug.xcconfig"; sourceTree = "<group>"; };
		C985686C6473A6AC5D888020 /* Pods_Smack.framework */ = {isa = PBXFileReference; explicitFileType = wrapper.framework; includeInIndex = 0; path = Pods_Smack.framework; sourceTree = BUILT_PRODUCTS_DIR; };
		D80FE8D91F8E592C009CB88A /* Smack-Bridging-Header.h */ = {isa = PBXFileReference; lastKnownFileType = sourcecode.c.h; path = "Smack-Bridging-Header.h"; sourceTree = "<group>"; };
		D80FE8DA1F8E592D009CB88A /* SWRevealViewController.m */ = {isa = PBXFileReference; lastKnownFileType = sourcecode.c.objc; path = SWRevealViewController.m; sourceTree = "<group>"; };
		D80FE8DB1F8E592E009CB88A /* SWRevealViewController.h */ = {isa = PBXFileReference; lastKnownFileType = sourcecode.c.h; path = SWRevealViewController.h; sourceTree = "<group>"; };
		D80FE8DF1F8E94A7009CB88A /* ChatVC.swift */ = {isa = PBXFileReference; lastKnownFileType = sourcecode.swift; path = ChatVC.swift; sourceTree = "<group>"; };
		D80FE8E11F8E94B4009CB88A /* ChannelVC.swift */ = {isa = PBXFileReference; lastKnownFileType = sourcecode.swift; path = ChannelVC.swift; sourceTree = "<group>"; };
		D82C04A01F8F98ED00C96FC3 /* GradientView.swift */ = {isa = PBXFileReference; lastKnownFileType = sourcecode.swift; path = GradientView.swift; sourceTree = "<group>"; };
		D82C04A41F8FAE6800C96FC3 /* Constants.swift */ = {isa = PBXFileReference; lastKnownFileType = sourcecode.swift; path = Constants.swift; sourceTree = "<group>"; };
		D82C04A61F8FB33700C96FC3 /* LoginVC.swift */ = {isa = PBXFileReference; lastKnownFileType = sourcecode.swift; path = LoginVC.swift; sourceTree = "<group>"; };
		D85346FA1F93BD70000E86BE /* ProfileVC.swift */ = {isa = PBXFileReference; lastKnownFileType = sourcecode.swift; path = ProfileVC.swift; sourceTree = "<group>"; };
		D85346FB1F93BD70000E86BE /* ProfileVC.xib */ = {isa = PBXFileReference; lastKnownFileType = file.xib; path = ProfileVC.xib; sourceTree = "<group>"; };
		D86A0F031F91FED000823400 /* CircleImage.swift */ = {isa = PBXFileReference; lastKnownFileType = sourcecode.swift; path = CircleImage.swift; sourceTree = "<group>"; };
		D86B3CD71F90CFD400FEEA60 /* RoundedButton.swift */ = {isa = PBXFileReference; lastKnownFileType = sourcecode.swift; path = RoundedButton.swift; sourceTree = "<group>"; };
		D86B3CD91F90F91000FEEA60 /* UserDataService.swift */ = {isa = PBXFileReference; lastKnownFileType = sourcecode.swift; path = UserDataService.swift; sourceTree = "<group>"; };
		D86B3CDB1F913B0C00FEEA60 /* AvatarPickerVC.swift */ = {isa = PBXFileReference; lastKnownFileType = sourcecode.swift; path = AvatarPickerVC.swift; sourceTree = "<group>"; };
		D86B3CDF1F913FFB00FEEA60 /* AvatarCell.swift */ = {isa = PBXFileReference; lastKnownFileType = sourcecode.swift; path = AvatarCell.swift; sourceTree = "<group>"; };
		D881203D1F8FD49F008C0C68 /* CreateAccountVC.swift */ = {isa = PBXFileReference; lastKnownFileType = sourcecode.swift; path = CreateAccountVC.swift; sourceTree = "<group>"; };
		D8E181C01F909C95000B5F70 /* AuthService.swift */ = {isa = PBXFileReference; lastKnownFileType = sourcecode.swift; path = AuthService.swift; sourceTree = "<group>"; };
		D8F2CCF81F8E5597000461F5 /* Smack.app */ = {isa = PBXFileReference; explicitFileType = wrapper.application; includeInIndex = 0; path = Smack.app; sourceTree = BUILT_PRODUCTS_DIR; };
		D8F2CCFB1F8E5597000461F5 /* AppDelegate.swift */ = {isa = PBXFileReference; lastKnownFileType = sourcecode.swift; path = AppDelegate.swift; sourceTree = "<group>"; };
		D8F2CD001F8E5597000461F5 /* Base */ = {isa = PBXFileReference; lastKnownFileType = file.storyboard; name = Base; path = Base.lproj/Main.storyboard; sourceTree = "<group>"; };
		D8F2CD021F8E5597000461F5 /* Assets.xcassets */ = {isa = PBXFileReference; lastKnownFileType = folder.assetcatalog; path = Assets.xcassets; sourceTree = "<group>"; };
		D8F2CD051F8E5597000461F5 /* Base */ = {isa = PBXFileReference; lastKnownFileType = file.storyboard; name = Base; path = Base.lproj/LaunchScreen.storyboard; sourceTree = "<group>"; };
		D8F2CD071F8E5597000461F5 /* Info.plist */ = {isa = PBXFileReference; lastKnownFileType = text.plist.xml; path = Info.plist; sourceTree = "<group>"; };
		F14C2FC9F9A6A69747024D2F /* Pods-Smack.release.xcconfig */ = {isa = PBXFileReference; includeInIndex = 1; lastKnownFileType = text.xcconfig; name = "Pods-Smack.release.xcconfig"; path = "Pods/Target Support Files/Pods-Smack/Pods-Smack.release.xcconfig"; sourceTree = "<group>"; };
/* End PBXFileReference section */

/* Begin PBXFrameworksBuildPhase section */
		D8F2CCF51F8E5597000461F5 /* Frameworks */ = {
			isa = PBXFrameworksBuildPhase;
			buildActionMask = 2147483647;
			files = (
				983B0A5C378DEE1E3E9C7965 /* Pods_Smack.framework in Frameworks */,
			);
			runOnlyForDeploymentPostprocessing = 0;
		};
/* End PBXFrameworksBuildPhase section */

/* Begin PBXGroup section */
		A364AFB0A2A8BFB0BE076A33 /* Pods */ = {
			isa = PBXGroup;
			children = (
				5625B08E92DA8B4AE2BE0298 /* Pods-Smack.debug.xcconfig */,
				F14C2FC9F9A6A69747024D2F /* Pods-Smack.release.xcconfig */,
			);
			name = Pods;
			sourceTree = "<group>";
		};
		D80FE8D81F8E590A009CB88A /* Supporting Files */ = {
			isa = PBXGroup;
			children = (
				D80FE8DB1F8E592E009CB88A /* SWRevealViewController.h */,
				D80FE8DA1F8E592D009CB88A /* SWRevealViewController.m */,
				D80FE8D91F8E592C009CB88A /* Smack-Bridging-Header.h */,
			);
			path = "Supporting Files";
			sourceTree = "<group>";
		};
		D80FE8DC1F8E9469009CB88A /* Controller */ = {
			isa = PBXGroup;
			children = (
				D80FE8DF1F8E94A7009CB88A /* ChatVC.swift */,
				D80FE8E11F8E94B4009CB88A /* ChannelVC.swift */,
				D82C04A61F8FB33700C96FC3 /* LoginVC.swift */,
				D881203D1F8FD49F008C0C68 /* CreateAccountVC.swift */,
				D86B3CDB1F913B0C00FEEA60 /* AvatarPickerVC.swift */,
				D85346FA1F93BD70000E86BE /* ProfileVC.swift */,
			);
			path = Controller;
			sourceTree = "<group>";
		};
		D80FE8DD1F8E9471009CB88A /* View */ = {
			isa = PBXGroup;
			children = (
				D82C04A01F8F98ED00C96FC3 /* GradientView.swift */,
				D86B3CD71F90CFD400FEEA60 /* RoundedButton.swift */,
				D86B3CDF1F913FFB00FEEA60 /* AvatarCell.swift */,
				D86A0F031F91FED000823400 /* CircleImage.swift */,
			);
			path = View;
			sourceTree = "<group>";
		};
		D82C04A31F8FAE4700C96FC3 /* Utilities */ = {
			isa = PBXGroup;
			children = (
				D82C04A41F8FAE6800C96FC3 /* Constants.swift */,
			);
			path = Utilities;
			sourceTree = "<group>";
		};
		D85346FE1F93BD85000E86BE /* XIBs */ = {
			isa = PBXGroup;
			children = (
				D85346FB1F93BD70000E86BE /* ProfileVC.xib */,
			);
			path = XIBs;
			sourceTree = "<group>";
		};
		D8E181BF1F909C80000B5F70 /* Services */ = {
			isa = PBXGroup;
			children = (
				D8E181C01F909C95000B5F70 /* AuthService.swift */,
				D86B3CD91F90F91000FEEA60 /* UserDataService.swift */,
			);
			path = Services;
			sourceTree = "<group>";
		};
		D8F2CCEF1F8E5597000461F5 = {
			isa = PBXGroup;
			children = (
				D8F2CCFA1F8E5597000461F5 /* Smack */,
				D8F2CCF91F8E5597000461F5 /* Products */,
				A364AFB0A2A8BFB0BE076A33 /* Pods */,
				E2308CF83BC57FE03DAC325E /* Frameworks */,
			);
			sourceTree = "<group>";
		};
		D8F2CCF91F8E5597000461F5 /* Products */ = {
			isa = PBXGroup;
			children = (
				D8F2CCF81F8E5597000461F5 /* Smack.app */,
			);
			name = Products;
			sourceTree = "<group>";
		};
		D8F2CCFA1F8E5597000461F5 /* Smack */ = {
			isa = PBXGroup;
			children = (
				D85346FE1F93BD85000E86BE /* XIBs */,
				D8E181BF1F909C80000B5F70 /* Services */,
				D82C04A31F8FAE4700C96FC3 /* Utilities */,
				D80FE8DD1F8E9471009CB88A /* View */,
				D80FE8DC1F8E9469009CB88A /* Controller */,
				D80FE8D81F8E590A009CB88A /* Supporting Files */,
				D8F2CCFB1F8E5597000461F5 /* AppDelegate.swift */,
				D8F2CCFF1F8E5597000461F5 /* Main.storyboard */,
				D8F2CD021F8E5597000461F5 /* Assets.xcassets */,
				D8F2CD041F8E5597000461F5 /* LaunchScreen.storyboard */,
				D8F2CD071F8E5597000461F5 /* Info.plist */,
			);
			path = Smack;
			sourceTree = "<group>";
		};
		E2308CF83BC57FE03DAC325E /* Frameworks */ = {
			isa = PBXGroup;
			children = (
				C985686C6473A6AC5D888020 /* Pods_Smack.framework */,
			);
			name = Frameworks;
			sourceTree = "<group>";
		};
/* End PBXGroup section */

/* Begin PBXNativeTarget section */
		D8F2CCF71F8E5597000461F5 /* Smack */ = {
			isa = PBXNativeTarget;
			buildConfigurationList = D8F2CD0A1F8E5597000461F5 /* Build configuration list for PBXNativeTarget "Smack" */;
			buildPhases = (
				35A6D7C93B2D67CD051799AE /* [CP] Check Pods Manifest.lock */,
				D8F2CCF41F8E5597000461F5 /* Sources */,
				D8F2CCF51F8E5597000461F5 /* Frameworks */,
				D8F2CCF61F8E5597000461F5 /* Resources */,
				3B8004A5BFBB4D0300BDCB56 /* [CP] Embed Pods Frameworks */,
				184324FC49440459D2C4A4E9 /* [CP] Copy Pods Resources */,
			);
			buildRules = (
			);
			dependencies = (
			);
			name = Smack;
			productName = Smack;
			productReference = D8F2CCF81F8E5597000461F5 /* Smack.app */;
			productType = "com.apple.product-type.application";
		};
/* End PBXNativeTarget section */

/* Begin PBXProject section */
		D8F2CCF01F8E5597000461F5 /* Project object */ = {
			isa = PBXProject;
			attributes = {
				LastSwiftUpdateCheck = 0900;
				LastUpgradeCheck = 0900;
				ORGANIZATIONNAME = "Anshul Kapoor";
				TargetAttributes = {
					D8F2CCF71F8E5597000461F5 = {
						CreatedOnToolsVersion = 9.0;
						LastSwiftMigration = 0900;
						ProvisioningStyle = Automatic;
					};
				};
			};
			buildConfigurationList = D8F2CCF31F8E5597000461F5 /* Build configuration list for PBXProject "Smack" */;
			compatibilityVersion = "Xcode 8.0";
			developmentRegion = en;
			hasScannedForEncodings = 0;
			knownRegions = (
				en,
				Base,
			);
			mainGroup = D8F2CCEF1F8E5597000461F5;
			productRefGroup = D8F2CCF91F8E5597000461F5 /* Products */;
			projectDirPath = "";
			projectRoot = "";
			targets = (
				D8F2CCF71F8E5597000461F5 /* Smack */,
			);
		};
/* End PBXProject section */

/* Begin PBXResourcesBuildPhase section */
		D8F2CCF61F8E5597000461F5 /* Resources */ = {
			isa = PBXResourcesBuildPhase;
			buildActionMask = 2147483647;
			files = (
				D85346FD1F93BD70000E86BE /* ProfileVC.xib in Resources */,
				D8F2CD061F8E5597000461F5 /* LaunchScreen.storyboard in Resources */,
				D8F2CD031F8E5597000461F5 /* Assets.xcassets in Resources */,
				D8F2CD011F8E5597000461F5 /* Main.storyboard in Resources */,
			);
			runOnlyForDeploymentPostprocessing = 0;
		};
/* End PBXResourcesBuildPhase section */

/* Begin PBXShellScriptBuildPhase section */
		184324FC49440459D2C4A4E9 /* [CP] Copy Pods Resources */ = {
			isa = PBXShellScriptBuildPhase;
			buildActionMask = 2147483647;
			files = (
			);
			inputPaths = (
			);
			name = "[CP] Copy Pods Resources";
			outputPaths = (
			);
			runOnlyForDeploymentPostprocessing = 0;
			shellPath = /bin/sh;
			shellScript = "\"${SRCROOT}/Pods/Target Support Files/Pods-Smack/Pods-Smack-resources.sh\"\n";
			showEnvVarsInLog = 0;
		};
		35A6D7C93B2D67CD051799AE /* [CP] Check Pods Manifest.lock */ = {
			isa = PBXShellScriptBuildPhase;
			buildActionMask = 2147483647;
			files = (
			);
			inputPaths = (
			);
			name = "[CP] Check Pods Manifest.lock";
			outputPaths = (
			);
			runOnlyForDeploymentPostprocessing = 0;
			shellPath = /bin/sh;
			shellScript = "diff \"${PODS_ROOT}/../Podfile.lock\" \"${PODS_ROOT}/Manifest.lock\" > /dev/null\nif [ $? != 0 ] ; then\n    # print error to STDERR\n    echo \"error: The sandbox is not in sync with the Podfile.lock. Run 'pod install' or update your CocoaPods installation.\" >&2\n    exit 1\nfi\n";
			showEnvVarsInLog = 0;
		};
		3B8004A5BFBB4D0300BDCB56 /* [CP] Embed Pods Frameworks */ = {
			isa = PBXShellScriptBuildPhase;
			buildActionMask = 2147483647;
			files = (
			);
			inputPaths = (
			);
			name = "[CP] Embed Pods Frameworks";
			outputPaths = (
			);
			runOnlyForDeploymentPostprocessing = 0;
			shellPath = /bin/sh;
			shellScript = "\"${SRCROOT}/Pods/Target Support Files/Pods-Smack/Pods-Smack-frameworks.sh\"\n";
			showEnvVarsInLog = 0;
		};
/* End PBXShellScriptBuildPhase section */

/* Begin PBXSourcesBuildPhase section */
		D8F2CCF41F8E5597000461F5 /* Sources */ = {
			isa = PBXSourcesBuildPhase;
			buildActionMask = 2147483647;
			files = (
				D87A33841F8EA4D80087DB0D /* SWRevealViewController.m in Sources */,
				D87A33831F8EA4CB0087DB0D /* SWRevealViewController.h in Sources */,
				D86B3CE01F913FFB00FEEA60 /* AvatarCell.swift in Sources */,
				D82C04A71F8FB33700C96FC3 /* LoginVC.swift in Sources */,
				D85346FC1F93BD70000E86BE /* ProfileVC.swift in Sources */,
				D82C04A11F8F98ED00C96FC3 /* GradientView.swift in Sources */,
				D80FE8E01F8E94A7009CB88A /* ChatVC.swift in Sources */,
				D881203E1F8FD49F008C0C68 /* CreateAccountVC.swift in Sources */,
				D86B3CDA1F90F91000FEEA60 /* UserDataService.swift in Sources */,
				D86B3CD81F90CFD400FEEA60 /* RoundedButton.swift in Sources */,
				D82C04A51F8FAE6800C96FC3 /* Constants.swift in Sources */,
				D8E181C11F909C95000B5F70 /* AuthService.swift in Sources */,
				D80FE8E21F8E94B4009CB88A /* ChannelVC.swift in Sources */,
				D8F2CCFC1F8E5597000461F5 /* AppDelegate.swift in Sources */,
				D86B3CDC1F913B0C00FEEA60 /* AvatarPickerVC.swift in Sources */,
				D86A0F041F91FED000823400 /* CircleImage.swift in Sources */,
			);
			runOnlyForDeploymentPostprocessing = 0;
		};
/* End PBXSourcesBuildPhase section */

/* Begin PBXVariantGroup section */
		D8F2CCFF1F8E5597000461F5 /* Main.storyboard */ = {
			isa = PBXVariantGroup;
			children = (
				D8F2CD001F8E5597000461F5 /* Base */,
			);
			name = Main.storyboard;
			sourceTree = "<group>";
		};
		D8F2CD041F8E5597000461F5 /* LaunchScreen.storyboard */ = {
			isa = PBXVariantGroup;
			children = (
				D8F2CD051F8E5597000461F5 /* Base */,
			);
			name = LaunchScreen.storyboard;
			sourceTree = "<group>";
		};
/* End PBXVariantGroup section */

/* Begin XCBuildConfiguration section */
		D8F2CD081F8E5597000461F5 /* Debug */ = {
			isa = XCBuildConfiguration;
			buildSettings = {
				ALWAYS_SEARCH_USER_PATHS = NO;
				CLANG_ANALYZER_NONNULL = YES;
				CLANG_ANALYZER_NUMBER_OBJECT_CONVERSION = YES_AGGRESSIVE;
				CLANG_CXX_LANGUAGE_STANDARD = "gnu++14";
				CLANG_CXX_LIBRARY = "libc++";
				CLANG_ENABLE_MODULES = YES;
				CLANG_ENABLE_OBJC_ARC = YES;
				CLANG_WARN_BLOCK_CAPTURE_AUTORELEASING = YES;
				CLANG_WARN_BOOL_CONVERSION = YES;
				CLANG_WARN_COMMA = YES;
				CLANG_WARN_CONSTANT_CONVERSION = YES;
				CLANG_WARN_DIRECT_OBJC_ISA_USAGE = YES_ERROR;
				CLANG_WARN_DOCUMENTATION_COMMENTS = YES;
				CLANG_WARN_EMPTY_BODY = YES;
				CLANG_WARN_ENUM_CONVERSION = YES;
				CLANG_WARN_INFINITE_RECURSION = YES;
				CLANG_WARN_INT_CONVERSION = YES;
				CLANG_WARN_NON_LITERAL_NULL_CONVERSION = YES;
				CLANG_WARN_OBJC_LITERAL_CONVERSION = YES;
				CLANG_WARN_OBJC_ROOT_CLASS = YES_ERROR;
				CLANG_WARN_RANGE_LOOP_ANALYSIS = YES;
				CLANG_WARN_STRICT_PROTOTYPES = YES;
				CLANG_WARN_SUSPICIOUS_MOVE = YES;
				CLANG_WARN_UNGUARDED_AVAILABILITY = YES_AGGRESSIVE;
				CLANG_WARN_UNREACHABLE_CODE = YES;
				CLANG_WARN__DUPLICATE_METHOD_MATCH = YES;
				CODE_SIGN_IDENTITY = "iPhone Developer";
				COPY_PHASE_STRIP = NO;
				DEBUG_INFORMATION_FORMAT = dwarf;
				ENABLE_STRICT_OBJC_MSGSEND = YES;
				ENABLE_TESTABILITY = YES;
				GCC_C_LANGUAGE_STANDARD = gnu11;
				GCC_DYNAMIC_NO_PIC = NO;
				GCC_NO_COMMON_BLOCKS = YES;
				GCC_OPTIMIZATION_LEVEL = 0;
				GCC_PREPROCESSOR_DEFINITIONS = (
					"DEBUG=1",
					"$(inherited)",
				);
				GCC_WARN_64_TO_32_BIT_CONVERSION = YES;
				GCC_WARN_ABOUT_RETURN_TYPE = YES_ERROR;
				GCC_WARN_UNDECLARED_SELECTOR = YES;
				GCC_WARN_UNINITIALIZED_AUTOS = YES_AGGRESSIVE;
				GCC_WARN_UNUSED_FUNCTION = YES;
				GCC_WARN_UNUSED_VARIABLE = YES;
				IPHONEOS_DEPLOYMENT_TARGET = 11.0;
				MTL_ENABLE_DEBUG_INFO = YES;
				ONLY_ACTIVE_ARCH = YES;
				SDKROOT = iphoneos;
				SWIFT_ACTIVE_COMPILATION_CONDITIONS = DEBUG;
				SWIFT_OPTIMIZATION_LEVEL = "-Onone";
			};
			name = Debug;
		};
		D8F2CD091F8E5597000461F5 /* Release */ = {
			isa = XCBuildConfiguration;
			buildSettings = {
				ALWAYS_SEARCH_USER_PATHS = NO;
				CLANG_ANALYZER_NONNULL = YES;
				CLANG_ANALYZER_NUMBER_OBJECT_CONVERSION = YES_AGGRESSIVE;
				CLANG_CXX_LANGUAGE_STANDARD = "gnu++14";
				CLANG_CXX_LIBRARY = "libc++";
				CLANG_ENABLE_MODULES = YES;
				CLANG_ENABLE_OBJC_ARC = YES;
				CLANG_WARN_BLOCK_CAPTURE_AUTORELEASING = YES;
				CLANG_WARN_BOOL_CONVERSION = YES;
				CLANG_WARN_COMMA = YES;
				CLANG_WARN_CONSTANT_CONVERSION = YES;
				CLANG_WARN_DIRECT_OBJC_ISA_USAGE = YES_ERROR;
				CLANG_WARN_DOCUMENTATION_COMMENTS = YES;
				CLANG_WARN_EMPTY_BODY = YES;
				CLANG_WARN_ENUM_CONVERSION = YES;
				CLANG_WARN_INFINITE_RECURSION = YES;
				CLANG_WARN_INT_CONVERSION = YES;
				CLANG_WARN_NON_LITERAL_NULL_CONVERSION = YES;
				CLANG_WARN_OBJC_LITERAL_CONVERSION = YES;
				CLANG_WARN_OBJC_ROOT_CLASS = YES_ERROR;
				CLANG_WARN_RANGE_LOOP_ANALYSIS = YES;
				CLANG_WARN_STRICT_PROTOTYPES = YES;
				CLANG_WARN_SUSPICIOUS_MOVE = YES;
				CLANG_WARN_UNGUARDED_AVAILABILITY = YES_AGGRESSIVE;
				CLANG_WARN_UNREACHABLE_CODE = YES;
				CLANG_WARN__DUPLICATE_METHOD_MATCH = YES;
				CODE_SIGN_IDENTITY = "iPhone Developer";
				COPY_PHASE_STRIP = NO;
				DEBUG_INFORMATION_FORMAT = "dwarf-with-dsym";
				ENABLE_NS_ASSERTIONS = NO;
				ENABLE_STRICT_OBJC_MSGSEND = YES;
				GCC_C_LANGUAGE_STANDARD = gnu11;
				GCC_NO_COMMON_BLOCKS = YES;
				GCC_WARN_64_TO_32_BIT_CONVERSION = YES;
				GCC_WARN_ABOUT_RETURN_TYPE = YES_ERROR;
				GCC_WARN_UNDECLARED_SELECTOR = YES;
				GCC_WARN_UNINITIALIZED_AUTOS = YES_AGGRESSIVE;
				GCC_WARN_UNUSED_FUNCTION = YES;
				GCC_WARN_UNUSED_VARIABLE = YES;
				IPHONEOS_DEPLOYMENT_TARGET = 11.0;
				MTL_ENABLE_DEBUG_INFO = NO;
				SDKROOT = iphoneos;
				SWIFT_OPTIMIZATION_LEVEL = "-Owholemodule";
				VALIDATE_PRODUCT = YES;
			};
			name = Release;
		};
		D8F2CD0B1F8E5597000461F5 /* Debug */ = {
			isa = XCBuildConfiguration;
			baseConfigurationReference = 5625B08E92DA8B4AE2BE0298 /* Pods-Smack.debug.xcconfig */;
			buildSettings = {
				ASSETCATALOG_COMPILER_APPICON_NAME = AppIcon;
				CLANG_ENABLE_MODULES = YES;
				CODE_SIGN_STYLE = Automatic;
				INFOPLIST_FILE = Smack/Info.plist;
				LD_RUNPATH_SEARCH_PATHS = "$(inherited) @executable_path/Frameworks";
				PRODUCT_BUNDLE_IDENTIFIER = com.django.Smack;
				PRODUCT_NAME = "$(TARGET_NAME)";
				SWIFT_OBJC_BRIDGING_HEADER = "Smack/Supporting Files/Smack-Bridging-Header.h";
				SWIFT_OPTIMIZATION_LEVEL = "-Owholemodule";
				SWIFT_VERSION = 4.0;
				TARGETED_DEVICE_FAMILY = "1,2";
			};
			name = Debug;
		};
		D8F2CD0C1F8E5597000461F5 /* Release */ = {
			isa = XCBuildConfiguration;
			baseConfigurationReference = F14C2FC9F9A6A69747024D2F /* Pods-Smack.release.xcconfig */;
			buildSettings = {
				ASSETCATALOG_COMPILER_APPICON_NAME = AppIcon;
				CLANG_ENABLE_MODULES = YES;
				CODE_SIGN_STYLE = Automatic;
				INFOPLIST_FILE = Smack/Info.plist;
				LD_RUNPATH_SEARCH_PATHS = "$(inherited) @executable_path/Frameworks";
				PRODUCT_BUNDLE_IDENTIFIER = com.django.Smack;
				PRODUCT_NAME = "$(TARGET_NAME)";
				SWIFT_OBJC_BRIDGING_HEADER = "Smack/Supporting Files/Smack-Bridging-Header.h";
				SWIFT_OPTIMIZATION_LEVEL = "-Owholemodule";
				SWIFT_VERSION = 4.0;
				TARGETED_DEVICE_FAMILY = "1,2";
			};
			name = Release;
		};
/* End XCBuildConfiguration section */

/* Begin XCConfigurationList section */
		D8F2CCF31F8E5597000461F5 /* Build configuration list for PBXProject "Smack" */ = {
			isa = XCConfigurationList;
			buildConfigurations = (
				D8F2CD081F8E5597000461F5 /* Debug */,
				D8F2CD091F8E5597000461F5 /* Release */,
			);
			defaultConfigurationIsVisible = 0;
			defaultConfigurationName = Release;
		};
		D8F2CD0A1F8E5597000461F5 /* Build configuration list for PBXNativeTarget "Smack" */ = {
			isa = XCConfigurationList;
			buildConfigurations = (
				D8F2CD0B1F8E5597000461F5 /* Debug */,
				D8F2CD0C1F8E5597000461F5 /* Release */,
			);
			defaultConfigurationIsVisible = 0;
			defaultConfigurationName = Release;
		};
/* End XCConfigurationList section */
	};
	rootObject = D8F2CCF01F8E5597000461F5 /* Project object */;
}
